{
  "requires": true,
  "lockfileVersion": 1,
  "dependencies": {
    "@websanova/vue-auth": {
      "version": "2.20.4-beta",
      "resolved": "https://registry.npmjs.org/@websanova/vue-auth/-/vue-auth-2.20.4-beta.tgz",
      "integrity": "sha512-6BrHcjrokNC0HHNl4vKEgsbMUx+SwFbEgrQjMWkKIsPMmyOi+OD1r5P258itw2adiFdBKwkv3MhI0c/nyOEsdA=="
    }
  }
}
